
Microsoft Visual Studio Solution File, Format Version 12.00
# Visual Studio 15
VisualStudioVersion = 15.0.27130.2024
MinimumVisualStudioVersion = 10.0.40219.1
Project("{FAE04EC0-301F-11D3-BF4B-00C04F79EFBC}") = "RecDiegoSouzaASP", "RecDiegoSouzaASP\RecDiegoSouzaASP.csproj", "{0C0BB06E-1F4B-4D21-9D3A-7FD28BDA3364}"
EndProject
Global
	GlobalSection(SolutionConfigurationPlatforms) = preSolution
		Debug|Any CPU = Debug|Any CPU
		Release|Any CPU = Release|Any CPU
	EndGlobalSection
	GlobalSection(ProjectConfigurationPlatforms) = postSolution
		{0C0BB06E-1F4B-4D21-9D3A-7FD28BDA3364}.Debug|Any CPU.ActiveCfg = Debug|Any CPU
		{0C0BB06E-1F4B-4D21-9D3A-7FD28BDA3364}.Debug|Any CPU.Build.0 = Debug|Any CPU
		{0C0BB06E-1F4B-4D21-9D3A-7FD28BDA3364}.Release|Any CPU.ActiveCfg = Release|Any CPU
		{0C0BB06E-1F4B-4D21-9D3A-7FD28BDA3364}.Release|Any CPU.Build.0 = Release|Any CPU
	EndGlobalSection
	GlobalSection(SolutionProperties) = preSolution
		HideSolutionNode = FALSE
	EndGlobalSection
	GlobalSection(ExtensibilityGlobals) = postSolution
		SolutionGuid = {D9107AB7-35A5-49FA-AA23-898F97D04837}
	EndGlobalSection
EndGlobal
